
  <!-- Filtro per il Login -->
  <filter>
    <filter-name>MultipartFilter</filter-name>
    <filter-class>org.openspcoop2.utils.transport.http.MultipartFilter</filter-class>
  </filter>
    <filter>
    <filter-name>HeadersFilter</filter-name>
    <filter-class>org.openspcoop2.web.ctrlstat.servlet.login.HeadersFilter</filter-class>
  </filter>
  <filter>
    <filter-name>AuthorizationFilter</filter-name>
    <filter-class>org.openspcoop2.web.ctrlstat.servlet.login.AuthorizationFilter</filter-class>
    <init-param>
		<param-name>jquery_version</param-name>
		<param-value>3.6.4</param-value>
	</init-param>
	<init-param>
		<param-name>jquery-ui_version</param-name>
		<param-value>1.13.2</param-value>
	</init-param>
  </filter>
  <filter-mapping>
    <filter-name>MultipartFilter</filter-name>
    <url-pattern>/*</url-pattern>
  </filter-mapping>
  <filter-mapping>
    <filter-name>HeadersFilter</filter-name>
    <url-pattern>/*</url-pattern>
  </filter-mapping>
  <filter-mapping>
    <filter-name>AuthorizationFilter</filter-name>
    <url-pattern>/*</url-pattern>
  </filter-mapping>


